<?xml version="1.0" encoding="utf-8"?>
<Project ToolsVersion="4.0" xmlns="http://schemas.microsoft.com/developer/msbuild/2003">
  <ItemGroup>
    <Filter Include="Source Files">
      <UniqueIdentifier>{4FC737F1-C7A5-4376-A066-2A32D752A2FF}</UniqueIdentifier>
      <Extensions>cpp;c;cc;cxx;def;odl;idl;hpj;bat;asm;asmx</Extensions>
    </Filter>
    <Filter Include="Header Files">
      <UniqueIdentifier>{93995380-89BD-4b04-88EB-625FBE52EBFB}</UniqueIdentifier>
      <Extensions>h;hh;hpp;hxx;hm;inl;inc;xsd</Extensions>
    </Filter>
    <Filter Include="Resource Files">
      <UniqueIdentifier>{67DA6AB6-F800-4c08-8B7A-83BB121AAD01}</UniqueIdentifier>
      <Extensions>rc;ico;cur;bmp;dlg;rc2;rct;bin;rgs;gif;jpg;jpeg;jpe;resx;tiff;tif;png;wav;mfcribbon-ms</Extensions>
    </Filter>
  </ItemGroup>
  <ItemGroup>
    <ClCompile Include="src\common_tools.cc">
      <Filter>Source Files</Filter>
    </ClCompile>
    <ClCompile Include="src\main.cc">
      <Filter>Source Files</Filter>
    </ClCompile>
    <ClCompile Include="src\window.cc">
      <Filter>Source Files</Filter>
    </ClCompile>
    <ClCompile Include="src\gui.cc">
      <Filter>Source Files</Filter>
    </ClCompile>
    <ClCompile Include="src\gui_layouts.cc">
      <Filter>Source Files</Filter>
    </ClCompile>
    <ClCompile Include="src\sdl2.cc">
      <Filter>Source Files</Filter>
    </ClCompile>
    <ClCompile Include="src\settings.cc">
      <Filter>Source Files</Filter>
    </ClCompile>
    <ClCompile Include="src\gui_gl.cc">
      <Filter>Source Files</Filter>
    </ClCompile>
    <ClCompile Include="src\shader.cc">
      <Filter>Source Files</Filter>
    </ClCompile>
    <ClCompile Include="src\shaderProgram.cc">
      <Filter>Source Files</Filter>
    </ClCompile>
    <ClCompile Include="src\gl_helpers.cc">
      <Filter>Source Files</Filter>
    </ClCompile>
    <ClCompile Include="src\vector_graphics_editor.cc">
      <Filter>Source Files</Filter>
    </ClCompile>
    <ClCompile Include="src\gui_popup_element.cc">
      <Filter>Source Files</Filter>
    </ClCompile>
    <ClCompile Include="src\gui_menu.cc">
      <Filter>Source Files</Filter>
    </ClCompile>
  </ItemGroup>
  <ItemGroup>
    <ClInclude Include="src\common_tools.hh">
      <Filter>Header Files</Filter>
    </ClInclude>
    <ClInclude Include="src\globals.hh">
      <Filter>Header Files</Filter>
    </ClInclude>
    <ClInclude Include="src\sdl2.hh">
      <Filter>Header Files</Filter>
    </ClInclude>
    <ClInclude Include="src\window.hh">
      <Filter>Header Files</Filter>
    </ClInclude>
    <ClInclude Include="src\gui.hh">
      <Filter>Header Files</Filter>
    </ClInclude>
    <ClInclude Include="src\settings.hh">
      <Filter>Header Files</Filter>
    </ClInclude>
    <ClInclude Include="src\gui_gl.hh">
      <Filter>Header Files</Filter>
    </ClInclude>
    <ClInclude Include="src\shaderProgram.hh">
      <Filter>Header Files</Filter>
    </ClInclude>
    <ClInclude Include="src\shader.hh">
      <Filter>Header Files</Filter>
    </ClInclude>
    <ClInclude Include="src\mesh.hh">
      <Filter>Header Files</Filter>
    </ClInclude>
    <ClInclude Include="src\gl_helpers.hh">
      <Filter>Header Files</Filter>
    </ClInclude>
    <ClInclude Include="src\gui_text.hh">
      <Filter>Header Files</Filter>
    </ClInclude>
    <ClInclude Include="src\typedefs.hh">
      <Filter>Header Files</Filter>
    </ClInclude>
    <ClInclude Include="src\gui_layouts.hh">
      <Filter>Header Files</Filter>
    </ClInclude>
    <ClInclude Include="src\gui_popup_element.hh">
      <Filter>Header Files</Filter>
    </ClInclude>
    <ClInclude Include="src\vector_graphics_editor.hh">
      <Filter>Header Files</Filter>
    </ClInclude>
    <ClInclude Include="src\gui_menu.hh">
      <Filter>Header Files</Filter>
    </ClInclude>
  </ItemGroup>
</Project>